
Microsoft Visual Studio Solution File, Format Version 12.00
# Visual Studio Version 17
VisualStudioVersion = 17.10.35122.118
MinimumVisualStudioVersion = 10.0.40219.1
Project("{FAE04EC0-301F-11D3-BF4B-00C04F79EFBC}") = "KresListeleme", "KresListeleme\KresListeleme.csproj", "{2AA5AA52-9488-4499-8568-4339AE5890CA}"
EndProject
Project("{9A19103F-16F7-4668-BE54-9A1E7A4F7556}") = "Api_Deneme2", "..\Api_Deneme2\Api_Deneme2\Api_Deneme2.csproj", "{5AAA87D9-0053-4D0F-84F2-C1F9420F560C}"
EndProject
Global
	GlobalSection(SolutionConfigurationPlatforms) = preSolution
		Debug|Any CPU = Debug|Any CPU
		Release|Any CPU = Release|Any CPU
	EndGlobalSection
	GlobalSection(ProjectConfigurationPlatforms) = postSolution
		{2AA5AA52-9488-4499-8568-4339AE5890CA}.Debug|Any CPU.ActiveCfg = Debug|Any CPU
		{2AA5AA52-9488-4499-8568-4339AE5890CA}.Debug|Any CPU.Build.0 = Debug|Any CPU
		{2AA5AA52-9488-4499-8568-4339AE5890CA}.Release|Any CPU.ActiveCfg = Release|Any CPU
		{2AA5AA52-9488-4499-8568-4339AE5890CA}.Release|Any CPU.Build.0 = Release|Any CPU
		{5AAA87D9-0053-4D0F-84F2-C1F9420F560C}.Debug|Any CPU.ActiveCfg = Debug|Any CPU
		{5AAA87D9-0053-4D0F-84F2-C1F9420F560C}.Debug|Any CPU.Build.0 = Debug|Any CPU
		{5AAA87D9-0053-4D0F-84F2-C1F9420F560C}.Release|Any CPU.ActiveCfg = Release|Any CPU
		{5AAA87D9-0053-4D0F-84F2-C1F9420F560C}.Release|Any CPU.Build.0 = Release|Any CPU
	EndGlobalSection
	GlobalSection(SolutionProperties) = preSolution
		HideSolutionNode = FALSE
	EndGlobalSection
	GlobalSection(ExtensibilityGlobals) = postSolution
		SolutionGuid = {E657AAB2-74F7-44A0-8480-82900D403E4D}
	EndGlobalSection
EndGlobal
